// !$*UTF8*$!
{
	archiveVersion = 1;
	classes = {
	};
	objectVersion = 50;
	objects = {

/* Begin PBXBuildFile section */
		84CD384F21BEECB600231F39 /* AppDelegate.swift in Sources */ = {isa = PBXBuildFile; fileRef = 84CD384E21BEECB600231F39 /* AppDelegate.swift */; };
		84CD385421BEECB600231F39 /* Main.storyboard in Resources */ = {isa = PBXBuildFile; fileRef = 84CD385221BEECB600231F39 /* Main.storyboard */; };
		84CD385621BEECB700231F39 /* Assets.xcassets in Resources */ = {isa = PBXBuildFile; fileRef = 84CD385521BEECB700231F39 /* Assets.xcassets */; };
		84CD385921BEECB700231F39 /* LaunchScreen.storyboard in Resources */ = {isa = PBXBuildFile; fileRef = 84CD385721BEECB700231F39 /* LaunchScreen.storyboard */; };
		84CD386521C0DDF800231F39 /* BaseTableViewController.swift in Sources */ = {isa = PBXBuildFile; fileRef = 84CD386421C0DDF700231F39 /* BaseTableViewController.swift */; };
		84CD386B21C1764700231F39 /* TableCell.xib in Resources */ = {isa = PBXBuildFile; fileRef = 84CD386A21C1764700231F39 /* TableCell.xib */; };
		84CD386D21C21B9F00231F39 /* AddressFinderTableViewController.swift in Sources */ = {isa = PBXBuildFile; fileRef = 84CD386C21C21B9F00231F39 /* AddressFinderTableViewController.swift */; };
		84CD386F21C2263900231F39 /* AddFlatTableViewController.swift in Sources */ = {isa = PBXBuildFile; fileRef = 84CD386E21C2263900231F39 /* AddFlatTableViewController.swift */; };
		84CD387121C2CB7F00231F39 /* Flat.swift in Sources */ = {isa = PBXBuildFile; fileRef = 84CD387021C2CB7F00231F39 /* Flat.swift */; };
		84CD387321C2EE0100231F39 /* InterestedTableViewController.swift in Sources */ = {isa = PBXBuildFile; fileRef = 84CD387221C2EE0100231F39 /* InterestedTableViewController.swift */; };
		84CD387521C3685E00231F39 /* ApplicationDetailTableViewController.swift in Sources */ = {isa = PBXBuildFile; fileRef = 84CD387421C3685E00231F39 /* ApplicationDetailTableViewController.swift */; };
		9C2E1C9A21C52CCF00C9ACAC /* FlatsTableViewController.swift in Sources */ = {isa = PBXBuildFile; fileRef = 9C2E1C9921C52CCF00C9ACAC /* FlatsTableViewController.swift */; };
		9C2E1C9E21C5605F00C9ACAC /* FlatCellTableViewCell.swift in Sources */ = {isa = PBXBuildFile; fileRef = 9C2E1C9D21C5605F00C9ACAC /* FlatCellTableViewCell.swift */; };
		9C6644E121CAACEA00D6701C /* ImageCollectionCell.swift in Sources */ = {isa = PBXBuildFile; fileRef = 9C6644E021CAACEA00D6701C /* ImageCollectionCell.swift */; };
		9C6644E421CAB5DA00D6701C /* PageViewController.swift in Sources */ = {isa = PBXBuildFile; fileRef = 9C6644E321CAB5DA00D6701C /* PageViewController.swift */; };
		9C6644E621CAB60600D6701C /* ItemViewController.swift in Sources */ = {isa = PBXBuildFile; fileRef = 9C6644E521CAB60600D6701C /* ItemViewController.swift */; };
/* End PBXBuildFile section */

/* Begin PBXFileReference section */
		84CD384B21BEECB600231F39 /* flatfindingmanager.app */ = {isa = PBXFileReference; explicitFileType = wrapper.application; includeInIndex = 0; path = flatfindingmanager.app; sourceTree = BUILT_PRODUCTS_DIR; };
		84CD384E21BEECB600231F39 /* AppDelegate.swift */ = {isa = PBXFileReference; lastKnownFileType = sourcecode.swift; path = AppDelegate.swift; sourceTree = "<group>"; };
		84CD385321BEECB600231F39 /* Base */ = {isa = PBXFileReference; lastKnownFileType = file.storyboard; name = Base; path = Base.lproj/Main.storyboard; sourceTree = "<group>"; };
		84CD385521BEECB700231F39 /* Assets.xcassets */ = {isa = PBXFileReference; lastKnownFileType = folder.assetcatalog; path = Assets.xcassets; sourceTree = "<group>"; };
		84CD385821BEECB700231F39 /* Base */ = {isa = PBXFileReference; lastKnownFileType = file.storyboard; name = Base; path = Base.lproj/LaunchScreen.storyboard; sourceTree = "<group>"; };
		84CD385A21BEECB700231F39 /* Info.plist */ = {isa = PBXFileReference; lastKnownFileType = text.plist.xml; path = Info.plist; sourceTree = "<group>"; };
		84CD386421C0DDF700231F39 /* BaseTableViewController.swift */ = {isa = PBXFileReference; lastKnownFileType = sourcecode.swift; path = BaseTableViewController.swift; sourceTree = "<group>"; };
		84CD386A21C1764700231F39 /* TableCell.xib */ = {isa = PBXFileReference; lastKnownFileType = file.xib; path = TableCell.xib; sourceTree = "<group>"; };
		84CD386C21C21B9F00231F39 /* AddressFinderTableViewController.swift */ = {isa = PBXFileReference; lastKnownFileType = sourcecode.swift; path = AddressFinderTableViewController.swift; sourceTree = "<group>"; };
		84CD386E21C2263900231F39 /* AddFlatTableViewController.swift */ = {isa = PBXFileReference; lastKnownFileType = sourcecode.swift; path = AddFlatTableViewController.swift; sourceTree = "<group>"; };
		84CD387021C2CB7F00231F39 /* Flat.swift */ = {isa = PBXFileReference; lastKnownFileType = sourcecode.swift; path = Flat.swift; sourceTree = "<group>"; };
		84CD387221C2EE0100231F39 /* InterestedTableViewController.swift */ = {isa = PBXFileReference; lastKnownFileType = sourcecode.swift; path = InterestedTableViewController.swift; sourceTree = "<group>"; };
		84CD387421C3685E00231F39 /* ApplicationDetailTableViewController.swift */ = {isa = PBXFileReference; lastKnownFileType = sourcecode.swift; path = ApplicationDetailTableViewController.swift; sourceTree = "<group>"; };
		9C2E1C9921C52CCF00C9ACAC /* FlatsTableViewController.swift */ = {isa = PBXFileReference; lastKnownFileType = sourcecode.swift; path = FlatsTableViewController.swift; sourceTree = "<group>"; };
		9C2E1C9D21C5605F00C9ACAC /* FlatCellTableViewCell.swift */ = {isa = PBXFileReference; lastKnownFileType = sourcecode.swift; path = FlatCellTableViewCell.swift; sourceTree = "<group>"; };
		9C6644E021CAACEA00D6701C /* ImageCollectionCell.swift */ = {isa = PBXFileReference; lastKnownFileType = sourcecode.swift; path = ImageCollectionCell.swift; sourceTree = "<group>"; };
		9C6644E321CAB5DA00D6701C /* PageViewController.swift */ = {isa = PBXFileReference; lastKnownFileType = sourcecode.swift; path = PageViewController.swift; sourceTree = "<group>"; };
		9C6644E521CAB60600D6701C /* ItemViewController.swift */ = {isa = PBXFileReference; lastKnownFileType = sourcecode.swift; path = ItemViewController.swift; sourceTree = "<group>"; };
/* End PBXFileReference section */

/* Begin PBXFrameworksBuildPhase section */
		84CD384821BEECB600231F39 /* Frameworks */ = {
			isa = PBXFrameworksBuildPhase;
			buildActionMask = 2147483647;
			files = (
			);
			runOnlyForDeploymentPostprocessing = 0;
		};
/* End PBXFrameworksBuildPhase section */

/* Begin PBXGroup section */
		84CD384221BEECB600231F39 = {
			isa = PBXGroup;
			children = (
				84CD384D21BEECB600231F39 /* flatfindingmanager */,
				84CD384C21BEECB600231F39 /* Products */,
			);
			sourceTree = "<group>";
		};
		84CD384C21BEECB600231F39 /* Products */ = {
			isa = PBXGroup;
			children = (
				84CD384B21BEECB600231F39 /* flatfindingmanager.app */,
			);
			name = Products;
			sourceTree = "<group>";
		};
		84CD384D21BEECB600231F39 /* flatfindingmanager */ = {
			isa = PBXGroup;
			children = (
				84CD384E21BEECB600231F39 /* AppDelegate.swift */,
				84CD387021C2CB7F00231F39 /* Flat.swift */,
				84CD385521BEECB700231F39 /* Assets.xcassets */,
				84CD385221BEECB600231F39 /* Main.storyboard */,
				84CD386421C0DDF700231F39 /* BaseTableViewController.swift */,
				9C6644E021CAACEA00D6701C /* ImageCollectionCell.swift */,
				84CD386E21C2263900231F39 /* AddFlatTableViewController.swift */,
				9C6644E921CAB65F00D6701C /* Flat List */,
				9C6644E821CAB61D00D6701C /* AddressFinder */,
				9C6644E721CAB60C00D6701C /* Pages */,
				9C6644E221CAB42100D6701C /* Status */,
				84CD385721BEECB700231F39 /* LaunchScreen.storyboard */,
				84CD386A21C1764700231F39 /* TableCell.xib */,
				84CD385A21BEECB700231F39 /* Info.plist */,
			);
			path = flatfindingmanager;
			sourceTree = "<group>";
		};
		9C6644E221CAB42100D6701C /* Status */ = {
			isa = PBXGroup;
			children = (
				84CD387221C2EE0100231F39 /* InterestedTableViewController.swift */,
				84CD387421C3685E00231F39 /* ApplicationDetailTableViewController.swift */,
			);
			path = Status;
			sourceTree = "<group>";
		};
		9C6644E721CAB60C00D6701C /* Pages */ = {
			isa = PBXGroup;
			children = (
				9C6644E321CAB5DA00D6701C /* PageViewController.swift */,
				9C6644E521CAB60600D6701C /* ItemViewController.swift */,
			);
			path = Pages;
			sourceTree = "<group>";
		};
		9C6644E821CAB61D00D6701C /* AddressFinder */ = {
			isa = PBXGroup;
			children = (
				84CD386C21C21B9F00231F39 /* AddressFinderTableViewController.swift */,
			);
			path = AddressFinder;
			sourceTree = "<group>";
		};
		9C6644E921CAB65F00D6701C /* Flat List */ = {
			isa = PBXGroup;
			children = (
				9C2E1C9D21C5605F00C9ACAC /* FlatCellTableViewCell.swift */,
				9C2E1C9921C52CCF00C9ACAC /* FlatsTableViewController.swift */,
			);
			path = "Flat List";
			sourceTree = "<group>";
		};
/* End PBXGroup section */

/* Begin PBXNativeTarget section */
		84CD384A21BEECB600231F39 /* flatfindingmanager */ = {
			isa = PBXNativeTarget;
			buildConfigurationList = 84CD385D21BEECB700231F39 /* Build configuration list for PBXNativeTarget "flatfindingmanager" */;
			buildPhases = (
				84CD384721BEECB600231F39 /* Sources */,
				84CD384821BEECB600231F39 /* Frameworks */,
				84CD384921BEECB600231F39 /* Resources */,
			);
			buildRules = (
			);
			dependencies = (
			);
			name = flatfindingmanager;
			productName = flatfindingmanager;
			productReference = 84CD384B21BEECB600231F39 /* flatfindingmanager.app */;
			productType = "com.apple.product-type.application";
		};
/* End PBXNativeTarget section */

/* Begin PBXProject section */
		84CD384321BEECB600231F39 /* Project object */ = {
			isa = PBXProject;
			attributes = {
				LastSwiftUpdateCheck = 1010;
				LastUpgradeCheck = 1010;
				ORGANIZATIONNAME = "Ladislav Szolik";
				TargetAttributes = {
					84CD384A21BEECB600231F39 = {
						CreatedOnToolsVersion = 10.1;
					};
				};
			};
			buildConfigurationList = 84CD384621BEECB600231F39 /* Build configuration list for PBXProject "flatfindingmanager" */;
			compatibilityVersion = "Xcode 9.3";
			developmentRegion = en;
			hasScannedForEncodings = 0;
			knownRegions = (
				en,
				Base,
			);
			mainGroup = 84CD384221BEECB600231F39;
			productRefGroup = 84CD384C21BEECB600231F39 /* Products */;
			projectDirPath = "";
			projectRoot = "";
			targets = (
				84CD384A21BEECB600231F39 /* flatfindingmanager */,
			);
		};
/* End PBXProject section */

/* Begin PBXResourcesBuildPhase section */
		84CD384921BEECB600231F39 /* Resources */ = {
			isa = PBXResourcesBuildPhase;
			buildActionMask = 2147483647;
			files = (
				84CD385921BEECB700231F39 /* LaunchScreen.storyboard in Resources */,
				84CD385621BEECB700231F39 /* Assets.xcassets in Resources */,
				84CD386B21C1764700231F39 /* TableCell.xib in Resources */,
				84CD385421BEECB600231F39 /* Main.storyboard in Resources */,
			);
			runOnlyForDeploymentPostprocessing = 0;
		};
/* End PBXResourcesBuildPhase section */

/* Begin PBXSourcesBuildPhase section */
		84CD384721BEECB600231F39 /* Sources */ = {
			isa = PBXSourcesBuildPhase;
			buildActionMask = 2147483647;
			files = (
				84CD387521C3685E00231F39 /* ApplicationDetailTableViewController.swift in Sources */,
				9C2E1C9E21C5605F00C9ACAC /* FlatCellTableViewCell.swift in Sources */,
				9C6644E421CAB5DA00D6701C /* PageViewController.swift in Sources */,
				84CD386521C0DDF800231F39 /* BaseTableViewController.swift in Sources */,
				9C6644E121CAACEA00D6701C /* ImageCollectionCell.swift in Sources */,
				9C6644E621CAB60600D6701C /* ItemViewController.swift in Sources */,
				84CD386D21C21B9F00231F39 /* AddressFinderTableViewController.swift in Sources */,
				84CD387321C2EE0100231F39 /* InterestedTableViewController.swift in Sources */,
				9C2E1C9A21C52CCF00C9ACAC /* FlatsTableViewController.swift in Sources */,
				84CD386F21C2263900231F39 /* AddFlatTableViewController.swift in Sources */,
				84CD387121C2CB7F00231F39 /* Flat.swift in Sources */,
				84CD384F21BEECB600231F39 /* AppDelegate.swift in Sources */,
			);
			runOnlyForDeploymentPostprocessing = 0;
		};
/* End PBXSourcesBuildPhase section */

/* Begin PBXVariantGroup section */
		84CD385221BEECB600231F39 /* Main.storyboard */ = {
			isa = PBXVariantGroup;
			children = (
				84CD385321BEECB600231F39 /* Base */,
			);
			name = Main.storyboard;
			sourceTree = "<group>";
		};
		84CD385721BEECB700231F39 /* LaunchScreen.storyboard */ = {
			isa = PBXVariantGroup;
			children = (
				84CD385821BEECB700231F39 /* Base */,
			);
			name = LaunchScreen.storyboard;
			sourceTree = "<group>";
		};
/* End PBXVariantGroup section */

/* Begin XCBuildConfiguration section */
		84CD385B21BEECB700231F39 /* Debug */ = {
			isa = XCBuildConfiguration;
			buildSettings = {
				ALWAYS_SEARCH_USER_PATHS = NO;
				CLANG_ANALYZER_NONNULL = YES;
				CLANG_ANALYZER_NUMBER_OBJECT_CONVERSION = YES_AGGRESSIVE;
				CLANG_CXX_LANGUAGE_STANDARD = "gnu++14";
				CLANG_CXX_LIBRARY = "libc++";
				CLANG_ENABLE_MODULES = YES;
				CLANG_ENABLE_OBJC_ARC = YES;
				CLANG_ENABLE_OBJC_WEAK = YES;
				CLANG_WARN_BLOCK_CAPTURE_AUTORELEASING = YES;
				CLANG_WARN_BOOL_CONVERSION = YES;
				CLANG_WARN_COMMA = YES;
				CLANG_WARN_CONSTANT_CONVERSION = YES;
				CLANG_WARN_DEPRECATED_OBJC_IMPLEMENTATIONS = YES;
				CLANG_WARN_DIRECT_OBJC_ISA_USAGE = YES_ERROR;
				CLANG_WARN_DOCUMENTATION_COMMENTS = YES;
				CLANG_WARN_EMPTY_BODY = YES;
				CLANG_WARN_ENUM_CONVERSION = YES;
				CLANG_WARN_INFINITE_RECURSION = YES;
				CLANG_WARN_INT_CONVERSION = YES;
				CLANG_WARN_NON_LITERAL_NULL_CONVERSION = YES;
				CLANG_WARN_OBJC_IMPLICIT_RETAIN_SELF = YES;
				CLANG_WARN_OBJC_LITERAL_CONVERSION = YES;
				CLANG_WARN_OBJC_ROOT_CLASS = YES_ERROR;
				CLANG_WARN_RANGE_LOOP_ANALYSIS = YES;
				CLANG_WARN_STRICT_PROTOTYPES = YES;
				CLANG_WARN_SUSPICIOUS_MOVE = YES;
				CLANG_WARN_UNGUARDED_AVAILABILITY = YES_AGGRESSIVE;
				CLANG_WARN_UNREACHABLE_CODE = YES;
				CLANG_WARN__DUPLICATE_METHOD_MATCH = YES;
				CODE_SIGN_IDENTITY = "iPhone Developer";
				COPY_PHASE_STRIP = NO;
				DEBUG_INFORMATION_FORMAT = dwarf;
				ENABLE_STRICT_OBJC_MSGSEND = YES;
				ENABLE_TESTABILITY = YES;
				GCC_C_LANGUAGE_STANDARD = gnu11;
				GCC_DYNAMIC_NO_PIC = NO;
				GCC_NO_COMMON_BLOCKS = YES;
				GCC_OPTIMIZATION_LEVEL = 0;
				GCC_PREPROCESSOR_DEFINITIONS = (
					"DEBUG=1",
					"$(inherited)",
				);
				GCC_WARN_64_TO_32_BIT_CONVERSION = YES;
				GCC_WARN_ABOUT_RETURN_TYPE = YES_ERROR;
				GCC_WARN_UNDECLARED_SELECTOR = YES;
				GCC_WARN_UNINITIALIZED_AUTOS = YES_AGGRESSIVE;
				GCC_WARN_UNUSED_FUNCTION = YES;
				GCC_WARN_UNUSED_VARIABLE = YES;
				IPHONEOS_DEPLOYMENT_TARGET = 12.1;
				MTL_ENABLE_DEBUG_INFO = INCLUDE_SOURCE;
				MTL_FAST_MATH = YES;
				ONLY_ACTIVE_ARCH = YES;
				SDKROOT = iphoneos;
				SWIFT_ACTIVE_COMPILATION_CONDITIONS = DEBUG;
				SWIFT_OPTIMIZATION_LEVEL = "-Onone";
			};
			name = Debug;
		};
		84CD385C21BEECB700231F39 /* Release */ = {
			isa = XCBuildConfiguration;
			buildSettings = {
				ALWAYS_SEARCH_USER_PATHS = NO;
				CLANG_ANALYZER_NONNULL = YES;
				CLANG_ANALYZER_NUMBER_OBJECT_CONVERSION = YES_AGGRESSIVE;
				CLANG_CXX_LANGUAGE_STANDARD = "gnu++14";
				CLANG_CXX_LIBRARY = "libc++";
				CLANG_ENABLE_MODULES = YES;
				CLANG_ENABLE_OBJC_ARC = YES;
				CLANG_ENABLE_OBJC_WEAK = YES;
				CLANG_WARN_BLOCK_CAPTURE_AUTORELEASING = YES;
				CLANG_WARN_BOOL_CONVERSION = YES;
				CLANG_WARN_COMMA = YES;
				CLANG_WARN_CONSTANT_CONVERSION = YES;
				CLANG_WARN_DEPRECATED_OBJC_IMPLEMENTATIONS = YES;
				CLANG_WARN_DIRECT_OBJC_ISA_USAGE = YES_ERROR;
				CLANG_WARN_DOCUMENTATION_COMMENTS = YES;
				CLANG_WARN_EMPTY_BODY = YES;
				CLANG_WARN_ENUM_CONVERSION = YES;
				CLANG_WARN_INFINITE_RECURSION = YES;
				CLANG_WARN_INT_CONVERSION = YES;
				CLANG_WARN_NON_LITERAL_NULL_CONVERSION = YES;
				CLANG_WARN_OBJC_IMPLICIT_RETAIN_SELF = YES;
				CLANG_WARN_OBJC_LITERAL_CONVERSION = YES;
				CLANG_WARN_OBJC_ROOT_CLASS = YES_ERROR;
				CLANG_WARN_RANGE_LOOP_ANALYSIS = YES;
				CLANG_WARN_STRICT_PROTOTYPES = YES;
				CLANG_WARN_SUSPICIOUS_MOVE = YES;
				CLANG_WARN_UNGUARDED_AVAILABILITY = YES_AGGRESSIVE;
				CLANG_WARN_UNREACHABLE_CODE = YES;
				CLANG_WARN__DUPLICATE_METHOD_MATCH = YES;
				CODE_SIGN_IDENTITY = "iPhone Developer";
				COPY_PHASE_STRIP = NO;
				DEBUG_INFORMATION_FORMAT = "dwarf-with-dsym";
				ENABLE_NS_ASSERTIONS = NO;
				ENABLE_STRICT_OBJC_MSGSEND = YES;
				GCC_C_LANGUAGE_STANDARD = gnu11;
				GCC_NO_COMMON_BLOCKS = YES;
				GCC_WARN_64_TO_32_BIT_CONVERSION = YES;
				GCC_WARN_ABOUT_RETURN_TYPE = YES_ERROR;
				GCC_WARN_UNDECLARED_SELECTOR = YES;
				GCC_WARN_UNINITIALIZED_AUTOS = YES_AGGRESSIVE;
				GCC_WARN_UNUSED_FUNCTION = YES;
				GCC_WARN_UNUSED_VARIABLE = YES;
				IPHONEOS_DEPLOYMENT_TARGET = 12.1;
				MTL_ENABLE_DEBUG_INFO = NO;
				MTL_FAST_MATH = YES;
				SDKROOT = iphoneos;
				SWIFT_COMPILATION_MODE = wholemodule;
				SWIFT_OPTIMIZATION_LEVEL = "-O";
				VALIDATE_PRODUCT = YES;
			};
			name = Release;
		};
		84CD385E21BEECB700231F39 /* Debug */ = {
			isa = XCBuildConfiguration;
			buildSettings = {
				ASSETCATALOG_COMPILER_APPICON_NAME = AppIcon;
				CODE_SIGN_STYLE = Automatic;
				DEVELOPMENT_TEAM = HK2W6XPHLH;
				INFOPLIST_FILE = flatfindingmanager/Info.plist;
				LD_RUNPATH_SEARCH_PATHS = (
					"$(inherited)",
					"@executable_path/Frameworks",
				);
				PRODUCT_BUNDLE_IDENTIFIER = ch.szolik.homekey;
				PRODUCT_NAME = "$(TARGET_NAME)";
				SWIFT_VERSION = 4.2;
				TARGETED_DEVICE_FAMILY = 1;
			};
			name = Debug;
		};
		84CD385F21BEECB700231F39 /* Release */ = {
			isa = XCBuildConfiguration;
			buildSettings = {
				ASSETCATALOG_COMPILER_APPICON_NAME = AppIcon;
				CODE_SIGN_STYLE = Automatic;
				DEVELOPMENT_TEAM = HK2W6XPHLH;
				INFOPLIST_FILE = flatfindingmanager/Info.plist;
				LD_RUNPATH_SEARCH_PATHS = (
					"$(inherited)",
					"@executable_path/Frameworks",
				);
				PRODUCT_BUNDLE_IDENTIFIER = ch.szolik.homekey;
				PRODUCT_NAME = "$(TARGET_NAME)";
				SWIFT_VERSION = 4.2;
				TARGETED_DEVICE_FAMILY = 1;
			};
			name = Release;
		};
/* End XCBuildConfiguration section */

/* Begin XCConfigurationList section */
		84CD384621BEECB600231F39 /* Build configuration list for PBXProject "flatfindingmanager" */ = {
			isa = XCConfigurationList;
			buildConfigurations = (
				84CD385B21BEECB700231F39 /* Debug */,
				84CD385C21BEECB700231F39 /* Release */,
			);
			defaultConfigurationIsVisible = 0;
			defaultConfigurationName = Release;
		};
		84CD385D21BEECB700231F39 /* Build configuration list for PBXNativeTarget "flatfindingmanager" */ = {
			isa = XCConfigurationList;
			buildConfigurations = (
				84CD385E21BEECB700231F39 /* Debug */,
				84CD385F21BEECB700231F39 /* Release */,
			);
			defaultConfigurationIsVisible = 0;
			defaultConfigurationName = Release;
		};
/* End XCConfigurationList section */
	};
	rootObject = 84CD384321BEECB600231F39 /* Project object */;
}
